
Microsoft Visual Studio Solution File, Format Version 12.00
# Visual Studio 15
VisualStudioVersion = 15.0.28010.0
MinimumVisualStudioVersion = 10.0.40219.1
Project("{FAE04EC0-301F-11D3-BF4B-00C04F79EFBC}") = "Vidly", "Vidly\Vidly.csproj", "{7EA0C847-3F85-404B-B317-466F9690BBC5}"
EndProject
Project("{FAE04EC0-301F-11D3-BF4B-00C04F79EFBC}") = "Vidly.Tests", "Vidly.Tests\Vidly.Tests.csproj", "{306039EA-ABEA-4960-9DDB-7E471A4669EA}"
EndProject
Global
	GlobalSection(SolutionConfigurationPlatforms) = preSolution
		Debug|Any CPU = Debug|Any CPU
		Release|Any CPU = Release|Any CPU
	EndGlobalSection
	GlobalSection(ProjectConfigurationPlatforms) = postSolution
		{7EA0C847-3F85-404B-B317-466F9690BBC5}.Debug|Any CPU.ActiveCfg = Debug|Any CPU
		{7EA0C847-3F85-404B-B317-466F9690BBC5}.Debug|Any CPU.Build.0 = Debug|Any CPU
		{7EA0C847-3F85-404B-B317-466F9690BBC5}.Release|Any CPU.ActiveCfg = Release|Any CPU
		{7EA0C847-3F85-404B-B317-466F9690BBC5}.Release|Any CPU.Build.0 = Release|Any CPU
		{306039EA-ABEA-4960-9DDB-7E471A4669EA}.Debug|Any CPU.ActiveCfg = Debug|Any CPU
		{306039EA-ABEA-4960-9DDB-7E471A4669EA}.Debug|Any CPU.Build.0 = Debug|Any CPU
		{306039EA-ABEA-4960-9DDB-7E471A4669EA}.Release|Any CPU.ActiveCfg = Release|Any CPU
		{306039EA-ABEA-4960-9DDB-7E471A4669EA}.Release|Any CPU.Build.0 = Release|Any CPU
	EndGlobalSection
	GlobalSection(SolutionProperties) = preSolution
		HideSolutionNode = FALSE
	EndGlobalSection
	GlobalSection(ExtensibilityGlobals) = postSolution
		SolutionGuid = {5EB2F1A5-A4AF-47F3-994C-C1F9D4B7A4D1}
	EndGlobalSection
EndGlobal
