
Microsoft Visual Studio Solution File, Format Version 12.00
# Visual Studio 15
VisualStudioVersion = 15.0.28010.2041
MinimumVisualStudioVersion = 10.0.40219.1
Project("{E24C65DC-7377-472B-9ABA-BC803B73C61A}") = "applimacation", "applimacation\", "{EBD6F60A-1A90-43C2-8EBE-112CA0847515}"
	ProjectSection(WebsiteProperties) = preProject
		TargetFrameworkMoniker = ".NETFramework,Version%3Dv4.0"
		Debug.AspNetCompiler.VirtualPath = "/localhost_58896"
		Debug.AspNetCompiler.PhysicalPath = "applimacation\"
		Debug.AspNetCompiler.TargetPath = "PrecompiledWeb\localhost_58896\"
		Debug.AspNetCompiler.Updateable = "true"
		Debug.AspNetCompiler.ForceOverwrite = "true"
		Debug.AspNetCompiler.FixedNames = "false"
		Debug.AspNetCompiler.Debug = "True"
		Release.AspNetCompiler.VirtualPath = "/localhost_58896"
		Release.AspNetCompiler.PhysicalPath = "applimacation\"
		Release.AspNetCompiler.TargetPath = "PrecompiledWeb\localhost_58896\"
		Release.AspNetCompiler.Updateable = "true"
		Release.AspNetCompiler.ForceOverwrite = "true"
		Release.AspNetCompiler.FixedNames = "false"
		Release.AspNetCompiler.Debug = "False"
		VWDPort = "58896"
		SlnRelativePath = "applimacation\"
	EndProjectSection
EndProject
Global
	GlobalSection(SolutionConfigurationPlatforms) = preSolution
		Debug|Any CPU = Debug|Any CPU
	EndGlobalSection
	GlobalSection(ProjectConfigurationPlatforms) = postSolution
		{EBD6F60A-1A90-43C2-8EBE-112CA0847515}.Debug|Any CPU.ActiveCfg = Debug|Any CPU
		{EBD6F60A-1A90-43C2-8EBE-112CA0847515}.Debug|Any CPU.Build.0 = Debug|Any CPU
	EndGlobalSection
	GlobalSection(SolutionProperties) = preSolution
		HideSolutionNode = FALSE
	EndGlobalSection
	GlobalSection(ExtensibilityGlobals) = postSolution
		SolutionGuid = {527335D5-5868-455B-ACEA-1D465374AB22}
	EndGlobalSection
EndGlobal
